// !$*UTF8*$!
{
	archiveVersion = 1;
	classes = {
	};
	objectVersion = 77;
	objects = {

/* Begin PBXContainerItemProxy section */
		0982ADD42CDA6B1E00B6E5C2 /* PBXContainerItemProxy */ = {
			isa = PBXContainerItemProxy;
			containerPortal = 0982ADBB2CDA6B1C00B6E5C2 /* Project object */;
			proxyType = 1;
			remoteGlobalIDString = 0982ADC22CDA6B1C00B6E5C2;
			remoteInfo = "IoT-EstacionaTec";
		};
		0982ADDE2CDA6B1E00B6E5C2 /* PBXContainerItemProxy */ = {
			isa = PBXContainerItemProxy;
			containerPortal = 0982ADBB2CDA6B1C00B6E5C2 /* Project object */;
			proxyType = 1;
			remoteGlobalIDString = 0982ADC22CDA6B1C00B6E5C2;
			remoteInfo = "IoT-EstacionaTec";
		};
/* End PBXContainerItemProxy section */

/* Begin PBXFileReference section */
		0982ADC32CDA6B1C00B6E5C2 /* IoT-EstacionaTec.app */ = {isa = PBXFileReference; explicitFileType = wrapper.application; includeInIndex = 0; path = "IoT-EstacionaTec.app"; sourceTree = BUILT_PRODUCTS_DIR; };
		0982ADD32CDA6B1E00B6E5C2 /* IoT-EstacionaTecTests.xctest */ = {isa = PBXFileReference; explicitFileType = wrapper.cfbundle; includeInIndex = 0; path = "IoT-EstacionaTecTests.xctest"; sourceTree = BUILT_PRODUCTS_DIR; };
		0982ADDD2CDA6B1E00B6E5C2 /* IoT-EstacionaTecUITests.xctest */ = {isa = PBXFileReference; explicitFileType = wrapper.cfbundle; includeInIndex = 0; path = "IoT-EstacionaTecUITests.xctest"; sourceTree = BUILT_PRODUCTS_DIR; };
/* End PBXFileReference section */

/* Begin PBXFileSystemSynchronizedRootGroup section */
		0982ADC52CDA6B1C00B6E5C2 /* IoT-EstacionaTec */ = {
			isa = PBXFileSystemSynchronizedRootGroup;
			path = "IoT-EstacionaTec";
			sourceTree = "<group>";
		};
		0982ADD62CDA6B1E00B6E5C2 /* IoT-EstacionaTecTests */ = {
			isa = PBXFileSystemSynchronizedRootGroup;
			path = "IoT-EstacionaTecTests";
			sourceTree = "<group>";
		};
		0982ADE02CDA6B1E00B6E5C2 /* IoT-EstacionaTecUITests */ = {
			isa = PBXFileSystemSynchronizedRootGroup;
			path = "IoT-EstacionaTecUITests";
			sourceTree = "<group>";
		};
/* End PBXFileSystemSynchronizedRootGroup section */

/* Begin PBXFrameworksBuildPhase section */
		0982ADC02CDA6B1C00B6E5C2 /* Frameworks */ = {
			isa = PBXFrameworksBuildPhase;
			buildActionMask = 2147483647;
			files = (
			);
			runOnlyForDeploymentPostprocessing = 0;
		};
		0982ADD02CDA6B1E00B6E5C2 /* Frameworks */ = {
			isa = PBXFrameworksBuildPhase;
			buildActionMask = 2147483647;
			files = (
			);
			runOnlyForDeploymentPostprocessing = 0;
		};
		0982ADDA2CDA6B1E00B6E5C2 /* Frameworks */ = {
			isa = PBXFrameworksBuildPhase;
			buildActionMask = 2147483647;
			files = (
			);
			runOnlyForDeploymentPostprocessing = 0;
		};
/* End PBXFrameworksBuildPhase section */

/* Begin PBXGroup section */
		0982ADBA2CDA6B1C00B6E5C2 = {
			isa = PBXGroup;
			children = (
				0982ADC52CDA6B1C00B6E5C2 /* IoT-EstacionaTec */,
				0982ADD62CDA6B1E00B6E5C2 /* IoT-EstacionaTecTests */,
				0982ADE02CDA6B1E00B6E5C2 /* IoT-EstacionaTecUITests */,
				0982ADC42CDA6B1C00B6E5C2 /* Products */,
			);
			sourceTree = "<group>";
		};
		0982ADC42CDA6B1C00B6E5C2 /* Products */ = {
			isa = PBXGroup;
			children = (
				0982ADC32CDA6B1C00B6E5C2 /* IoT-EstacionaTec.app */,
				0982ADD32CDA6B1E00B6E5C2 /* IoT-EstacionaTecTests.xctest */,
				0982ADDD2CDA6B1E00B6E5C2 /* IoT-EstacionaTecUITests.xctest */,
			);
			name = Products;
			sourceTree = "<group>";
		};
/* End PBXGroup section */

/* Begin PBXNativeTarget section */
		0982ADC22CDA6B1C00B6E5C2 /* IoT-EstacionaTec */ = {
			isa = PBXNativeTarget;
			buildConfigurationList = 0982ADE72CDA6B1E00B6E5C2 /* Build configuration list for PBXNativeTarget "IoT-EstacionaTec" */;
			buildPhases = (
				0982ADBF2CDA6B1C00B6E5C2 /* Sources */,
				0982ADC02CDA6B1C00B6E5C2 /* Frameworks */,
				0982ADC12CDA6B1C00B6E5C2 /* Resources */,
			);
			buildRules = (
			);
			dependencies = (
			);
			fileSystemSynchronizedGroups = (
				0982ADC52CDA6B1C00B6E5C2 /* IoT-EstacionaTec */,
			);
			name = "IoT-EstacionaTec";
			packageProductDependencies = (
			);
			productName = "IoT-EstacionaTec";
			productReference = 0982ADC32CDA6B1C00B6E5C2 /* IoT-EstacionaTec.app */;
			productType = "com.apple.product-type.application";
		};
		0982ADD22CDA6B1E00B6E5C2 /* IoT-EstacionaTecTests */ = {
			isa = PBXNativeTarget;
			buildConfigurationList = 0982ADEA2CDA6B1E00B6E5C2 /* Build configuration list for PBXNativeTarget "IoT-EstacionaTecTests" */;
			buildPhases = (
				0982ADCF2CDA6B1E00B6E5C2 /* Sources */,
				0982ADD02CDA6B1E00B6E5C2 /* Frameworks */,
				0982ADD12CDA6B1E00B6E5C2 /* Resources */,
			);
			buildRules = (
			);
			dependencies = (
				0982ADD52CDA6B1E00B6E5C2 /* PBXTargetDependency */,
			);
			fileSystemSynchronizedGroups = (
				0982ADD62CDA6B1E00B6E5C2 /* IoT-EstacionaTecTests */,
			);
			name = "IoT-EstacionaTecTests";
			packageProductDependencies = (
			);
			productName = "IoT-EstacionaTecTests";
			productReference = 0982ADD32CDA6B1E00B6E5C2 /* IoT-EstacionaTecTests.xctest */;
			productType = "com.apple.product-type.bundle.unit-test";
		};
		0982ADDC2CDA6B1E00B6E5C2 /* IoT-EstacionaTecUITests */ = {
			isa = PBXNativeTarget;
			buildConfigurationList = 0982ADED2CDA6B1E00B6E5C2 /* Build configuration list for PBXNativeTarget "IoT-EstacionaTecUITests" */;
			buildPhases = (
				0982ADD92CDA6B1E00B6E5C2 /* Sources */,
				0982ADDA2CDA6B1E00B6E5C2 /* Frameworks */,
				0982ADDB2CDA6B1E00B6E5C2 /* Resources */,
			);
			buildRules = (
			);
			dependencies = (
				0982ADDF2CDA6B1E00B6E5C2 /* PBXTargetDependency */,
			);
			fileSystemSynchronizedGroups = (
				0982ADE02CDA6B1E00B6E5C2 /* IoT-EstacionaTecUITests */,
			);
			name = "IoT-EstacionaTecUITests";
			packageProductDependencies = (
			);
			productName = "IoT-EstacionaTecUITests";
			productReference = 0982ADDD2CDA6B1E00B6E5C2 /* IoT-EstacionaTecUITests.xctest */;
			productType = "com.apple.product-type.bundle.ui-testing";
		};
/* End PBXNativeTarget section */

/* Begin PBXProject section */
		0982ADBB2CDA6B1C00B6E5C2 /* Project object */ = {
			isa = PBXProject;
			attributes = {
				BuildIndependentTargetsInParallel = 1;
				LastSwiftUpdateCheck = 1600;
				LastUpgradeCheck = 1600;
				TargetAttributes = {
					0982ADC22CDA6B1C00B6E5C2 = {
						CreatedOnToolsVersion = 16.0;
					};
					0982ADD22CDA6B1E00B6E5C2 = {
						CreatedOnToolsVersion = 16.0;
						TestTargetID = 0982ADC22CDA6B1C00B6E5C2;
					};
					0982ADDC2CDA6B1E00B6E5C2 = {
						CreatedOnToolsVersion = 16.0;
						TestTargetID = 0982ADC22CDA6B1C00B6E5C2;
					};
				};
			};
			buildConfigurationList = 0982ADBE2CDA6B1C00B6E5C2 /* Build configuration list for PBXProject "IoT-EstacionaTec" */;
			developmentRegion = en;
			hasScannedForEncodings = 0;
			knownRegions = (
				en,
				Base,
			);
			mainGroup = 0982ADBA2CDA6B1C00B6E5C2;
			minimizedProjectReferenceProxies = 1;
			packageReferences = (
				098DC2222CDAA6C600030C81 /* XCRemoteSwiftPackageReference "CodeScanner" */,
			);
			preferredProjectObjectVersion = 77;
			productRefGroup = 0982ADC42CDA6B1C00B6E5C2 /* Products */;
			projectDirPath = "";
			projectRoot = "";
			targets = (
				0982ADC22CDA6B1C00B6E5C2 /* IoT-EstacionaTec */,
				0982ADD22CDA6B1E00B6E5C2 /* IoT-EstacionaTecTests */,
				0982ADDC2CDA6B1E00B6E5C2 /* IoT-EstacionaTecUITests */,
			);
		};
/* End PBXProject section */

/* Begin PBXResourcesBuildPhase section */
		0982ADC12CDA6B1C00B6E5C2 /* Resources */ = {
			isa = PBXResourcesBuildPhase;
			buildActionMask = 2147483647;
			files = (
			);
			runOnlyForDeploymentPostprocessing = 0;
		};
		0982ADD12CDA6B1E00B6E5C2 /* Resources */ = {
			isa = PBXResourcesBuildPhase;
			buildActionMask = 2147483647;
			files = (
			);
			runOnlyForDeploymentPostprocessing = 0;
		};
		0982ADDB2CDA6B1E00B6E5C2 /* Resources */ = {
			isa = PBXResourcesBuildPhase;
			buildActionMask = 2147483647;
			files = (
			);
			runOnlyForDeploymentPostprocessing = 0;
		};
/* End PBXResourcesBuildPhase section */

/* Begin PBXSourcesBuildPhase section */
		0982ADBF2CDA6B1C00B6E5C2 /* Sources */ = {
			isa = PBXSourcesBuildPhase;
			buildActionMask = 2147483647;
			files = (
			);
			runOnlyForDeploymentPostprocessing = 0;
		};
		0982ADCF2CDA6B1E00B6E5C2 /* Sources */ = {
			isa = PBXSourcesBuildPhase;
			buildActionMask = 2147483647;
			files = (
			);
			runOnlyForDeploymentPostprocessing = 0;
		};
		0982ADD92CDA6B1E00B6E5C2 /* Sources */ = {
			isa = PBXSourcesBuildPhase;
			buildActionMask = 2147483647;
			files = (
			);
			runOnlyForDeploymentPostprocessing = 0;
		};
/* End PBXSourcesBuildPhase section */

/* Begin PBXTargetDependency section */
		0982ADD52CDA6B1E00B6E5C2 /* PBXTargetDependency */ = {
			isa = PBXTargetDependency;
			target = 0982ADC22CDA6B1C00B6E5C2 /* IoT-EstacionaTec */;
			targetProxy = 0982ADD42CDA6B1E00B6E5C2 /* PBXContainerItemProxy */;
		};
		0982ADDF2CDA6B1E00B6E5C2 /* PBXTargetDependency */ = {
			isa = PBXTargetDependency;
			target = 0982ADC22CDA6B1C00B6E5C2 /* IoT-EstacionaTec */;
			targetProxy = 0982ADDE2CDA6B1E00B6E5C2 /* PBXContainerItemProxy */;
		};
/* End PBXTargetDependency section */

/* Begin XCBuildConfiguration section */
		0982ADE52CDA6B1E00B6E5C2 /* Debug */ = {
			isa = XCBuildConfiguration;
			buildSettings = {
				ALWAYS_SEARCH_USER_PATHS = NO;
				ASSETCATALOG_COMPILER_GENERATE_SWIFT_ASSET_SYMBOL_EXTENSIONS = YES;
				CLANG_ANALYZER_NONNULL = YES;
				CLANG_ANALYZER_NUMBER_OBJECT_CONVERSION = YES_AGGRESSIVE;
				CLANG_CXX_LANGUAGE_STANDARD = "gnu++20";
				CLANG_ENABLE_MODULES = YES;
				CLANG_ENABLE_OBJC_ARC = YES;
				CLANG_ENABLE_OBJC_WEAK = YES;
				CLANG_WARN_BLOCK_CAPTURE_AUTORELEASING = YES;
				CLANG_WARN_BOOL_CONVERSION = YES;
				CLANG_WARN_COMMA = YES;
				CLANG_WARN_CONSTANT_CONVERSION = YES;
				CLANG_WARN_DEPRECATED_OBJC_IMPLEMENTATIONS = YES;
				CLANG_WARN_DIRECT_OBJC_ISA_USAGE = YES_ERROR;
				CLANG_WARN_DOCUMENTATION_COMMENTS = YES;
				CLANG_WARN_EMPTY_BODY = YES;
				CLANG_WARN_ENUM_CONVERSION = YES;
				CLANG_WARN_INFINITE_RECURSION = YES;
				CLANG_WARN_INT_CONVERSION = YES;
				CLANG_WARN_NON_LITERAL_NULL_CONVERSION = YES;
				CLANG_WARN_OBJC_IMPLICIT_RETAIN_SELF = YES;
				CLANG_WARN_OBJC_LITERAL_CONVERSION = YES;
				CLANG_WARN_OBJC_ROOT_CLASS = YES_ERROR;
				CLANG_WARN_QUOTED_INCLUDE_IN_FRAMEWORK_HEADER = YES;
				CLANG_WARN_RANGE_LOOP_ANALYSIS = YES;
				CLANG_WARN_STRICT_PROTOTYPES = YES;
				CLANG_WARN_SUSPICIOUS_MOVE = YES;
				CLANG_WARN_UNGUARDED_AVAILABILITY = YES_AGGRESSIVE;
				CLANG_WARN_UNREACHABLE_CODE = YES;
				CLANG_WARN__DUPLICATE_METHOD_MATCH = YES;
				COPY_PHASE_STRIP = NO;
				DEBUG_INFORMATION_FORMAT = dwarf;
				ENABLE_STRICT_OBJC_MSGSEND = YES;
				ENABLE_TESTABILITY = YES;
				ENABLE_USER_SCRIPT_SANDBOXING = YES;
				GCC_C_LANGUAGE_STANDARD = gnu17;
				GCC_DYNAMIC_NO_PIC = NO;
				GCC_NO_COMMON_BLOCKS = YES;
				GCC_OPTIMIZATION_LEVEL = 0;
				GCC_PREPROCESSOR_DEFINITIONS = (
					"DEBUG=1",
					"$(inherited)",
				);
				GCC_WARN_64_TO_32_BIT_CONVERSION = YES;
				GCC_WARN_ABOUT_RETURN_TYPE = YES_ERROR;
				GCC_WARN_UNDECLARED_SELECTOR = YES;
				GCC_WARN_UNINITIALIZED_AUTOS = YES_AGGRESSIVE;
				GCC_WARN_UNUSED_FUNCTION = YES;
				GCC_WARN_UNUSED_VARIABLE = YES;
				IPHONEOS_DEPLOYMENT_TARGET = 18.0;
				LOCALIZATION_PREFERS_STRING_CATALOGS = YES;
				MTL_ENABLE_DEBUG_INFO = INCLUDE_SOURCE;
				MTL_FAST_MATH = YES;
				ONLY_ACTIVE_ARCH = YES;
				SDKROOT = iphoneos;
				SWIFT_ACTIVE_COMPILATION_CONDITIONS = "DEBUG $(inherited)";
				SWIFT_OPTIMIZATION_LEVEL = "-Onone";
			};
			name = Debug;
		};
		0982ADE62CDA6B1E00B6E5C2 /* Release */ = {
			isa = XCBuildConfiguration;
			buildSettings = {
				ALWAYS_SEARCH_USER_PATHS = NO;
				ASSETCATALOG_COMPILER_GENERATE_SWIFT_ASSET_SYMBOL_EXTENSIONS = YES;
				CLANG_ANALYZER_NONNULL = YES;
				CLANG_ANALYZER_NUMBER_OBJECT_CONVERSION = YES_AGGRESSIVE;
				CLANG_CXX_LANGUAGE_STANDARD = "gnu++20";
				CLANG_ENABLE_MODULES = YES;
				CLANG_ENABLE_OBJC_ARC = YES;
				CLANG_ENABLE_OBJC_WEAK = YES;
				CLANG_WARN_BLOCK_CAPTURE_AUTORELEASING = YES;
				CLANG_WARN_BOOL_CONVERSION = YES;
				CLANG_WARN_COMMA = YES;
				CLANG_WARN_CONSTANT_CONVERSION = YES;
				CLANG_WARN_DEPRECATED_OBJC_IMPLEMENTATIONS = YES;
				CLANG_WARN_DIRECT_OBJC_ISA_USAGE = YES_ERROR;
				CLANG_WARN_DOCUMENTATION_COMMENTS = YES;
				CLANG_WARN_EMPTY_BODY = YES;
				CLANG_WARN_ENUM_CONVERSION = YES;
				CLANG_WARN_INFINITE_RECURSION = YES;
				CLANG_WARN_INT_CONVERSION = YES;
				CLANG_WARN_NON_LITERAL_NULL_CONVERSION = YES;
				CLANG_WARN_OBJC_IMPLICIT_RETAIN_SELF = YES;
				CLANG_WARN_OBJC_LITERAL_CONVERSION = YES;
				CLANG_WARN_OBJC_ROOT_CLASS = YES_ERROR;
				CLANG_WARN_QUOTED_INCLUDE_IN_FRAMEWORK_HEADER = YES;
				CLANG_WARN_RANGE_LOOP_ANALYSIS = YES;
				CLANG_WARN_STRICT_PROTOTYPES = YES;
				CLANG_WARN_SUSPICIOUS_MOVE = YES;
				CLANG_WARN_UNGUARDED_AVAILABILITY = YES_AGGRESSIVE;
				CLANG_WARN_UNREACHABLE_CODE = YES;
				CLANG_WARN__DUPLICATE_METHOD_MATCH = YES;
				COPY_PHASE_STRIP = NO;
				DEBUG_INFORMATION_FORMAT = "dwarf-with-dsym";
				ENABLE_NS_ASSERTIONS = NO;
				ENABLE_STRICT_OBJC_MSGSEND = YES;
				ENABLE_USER_SCRIPT_SANDBOXING = YES;
				GCC_C_LANGUAGE_STANDARD = gnu17;
				GCC_NO_COMMON_BLOCKS = YES;
				GCC_WARN_64_TO_32_BIT_CONVERSION = YES;
				GCC_WARN_ABOUT_RETURN_TYPE = YES_ERROR;
				GCC_WARN_UNDECLARED_SELECTOR = YES;
				GCC_WARN_UNINITIALIZED_AUTOS = YES_AGGRESSIVE;
				GCC_WARN_UNUSED_FUNCTION = YES;
				GCC_WARN_UNUSED_VARIABLE = YES;
				IPHONEOS_DEPLOYMENT_TARGET = 18.0;
				LOCALIZATION_PREFERS_STRING_CATALOGS = YES;
				MTL_ENABLE_DEBUG_INFO = NO;
				MTL_FAST_MATH = YES;
				SDKROOT = iphoneos;
				SWIFT_COMPILATION_MODE = wholemodule;
				VALIDATE_PRODUCT = YES;
			};
			name = Release;
		};
		0982ADE82CDA6B1E00B6E5C2 /* Debug */ = {
			isa = XCBuildConfiguration;
			buildSettings = {
				ASSETCATALOG_COMPILER_APPICON_NAME = AppIcon;
				ASSETCATALOG_COMPILER_GLOBAL_ACCENT_COLOR_NAME = AccentColor;
				CODE_SIGN_STYLE = Automatic;
				CURRENT_PROJECT_VERSION = 1;
				DEVELOPMENT_ASSET_PATHS = "\"IoT-EstacionaTec/Preview Content\"";
				DEVELOPMENT_TEAM = H2SX598458;
				ENABLE_PREVIEWS = YES;
				GENERATE_INFOPLIST_FILE = YES;
				INFOPLIST_KEY_CFBundleDisplayName = EstacionaTEC;
				INFOPLIST_KEY_NSCameraUsageDescription = "We need the camera to scan QR code";
				INFOPLIST_KEY_UIApplicationSceneManifest_Generation = YES;
				INFOPLIST_KEY_UIApplicationSupportsIndirectInputEvents = YES;
				INFOPLIST_KEY_UILaunchScreen_Generation = YES;
				INFOPLIST_KEY_UISupportedInterfaceOrientations_iPad = "UIInterfaceOrientationPortrait UIInterfaceOrientationPortraitUpsideDown UIInterfaceOrientationLandscapeLeft UIInterfaceOrientationLandscapeRight";
				INFOPLIST_KEY_UISupportedInterfaceOrientations_iPhone = "UIInterfaceOrientationPortrait UIInterfaceOrientationLandscapeLeft UIInterfaceOrientationLandscapeRight";
				INFOPLIST_KEY_UIUserInterfaceStyle = Light;
				LD_RUNPATH_SEARCH_PATHS = (
					"$(inherited)",
					"@executable_path/Frameworks",
				);
				MARKETING_VERSION = 1.0;
				PRODUCT_BUNDLE_IDENTIFIER = "jozefhdez.IoT-EstacionaTec2";
				PRODUCT_NAME = "$(TARGET_NAME)";
				SWIFT_EMIT_LOC_STRINGS = YES;
				SWIFT_VERSION = 5.0;
				TARGETED_DEVICE_FAMILY = "1,2";
			};
			name = Debug;
		};
		0982ADE92CDA6B1E00B6E5C2 /* Release */ = {
			isa = XCBuildConfiguration;
			buildSettings = {
				ASSETCATALOG_COMPILER_APPICON_NAME = AppIcon;
				ASSETCATALOG_COMPILER_GLOBAL_ACCENT_COLOR_NAME = AccentColor;
				CODE_SIGN_STYLE = Automatic;
				CURRENT_PROJECT_VERSION = 1;
				DEVELOPMENT_ASSET_PATHS = "\"IoT-EstacionaTec/Preview Content\"";
				DEVELOPMENT_TEAM = H2SX598458;
				ENABLE_PREVIEWS = YES;
				GENERATE_INFOPLIST_FILE = YES;
				INFOPLIST_KEY_CFBundleDisplayName = EstacionaTEC;
				INFOPLIST_KEY_NSCameraUsageDescription = "We need the camera to scan QR code";
				INFOPLIST_KEY_UIApplicationSceneManifest_Generation = YES;
				INFOPLIST_KEY_UIApplicationSupportsIndirectInputEvents = YES;
				INFOPLIST_KEY_UILaunchScreen_Generation = YES;
				INFOPLIST_KEY_UISupportedInterfaceOrientations_iPad = "UIInterfaceOrientationPortrait UIInterfaceOrientationPortraitUpsideDown UIInterfaceOrientationLandscapeLeft UIInterfaceOrientationLandscapeRight";
				INFOPLIST_KEY_UISupportedInterfaceOrientations_iPhone = "UIInterfaceOrientationPortrait UIInterfaceOrientationLandscapeLeft UIInterfaceOrientationLandscapeRight";
				INFOPLIST_KEY_UIUserInterfaceStyle = Light;
				LD_RUNPATH_SEARCH_PATHS = (
					"$(inherited)",
					"@executable_path/Frameworks",
				);
				MARKETING_VERSION = 1.0;
				PRODUCT_BUNDLE_IDENTIFIER = "jozefhdez.IoT-EstacionaTec2";
				PRODUCT_NAME = "$(TARGET_NAME)";
				SWIFT_EMIT_LOC_STRINGS = YES;
				SWIFT_VERSION = 5.0;
				TARGETED_DEVICE_FAMILY = "1,2";
			};
			name = Release;
		};
		0982ADEB2CDA6B1E00B6E5C2 /* Debug */ = {
			isa = XCBuildConfiguration;
			buildSettings = {
				BUNDLE_LOADER = "$(TEST_HOST)";
				CODE_SIGN_STYLE = Automatic;
				CURRENT_PROJECT_VERSION = 1;
				GENERATE_INFOPLIST_FILE = YES;
				IPHONEOS_DEPLOYMENT_TARGET = 18.0;
				MARKETING_VERSION = 1.0;
				PRODUCT_BUNDLE_IDENTIFIER = "jozefhdez.IoT-EstacionaTecTests";
				PRODUCT_NAME = "$(TARGET_NAME)";
				SWIFT_EMIT_LOC_STRINGS = NO;
				SWIFT_VERSION = 5.0;
				TARGETED_DEVICE_FAMILY = "1,2";
				TEST_HOST = "$(BUILT_PRODUCTS_DIR)/IoT-EstacionaTec.app/$(BUNDLE_EXECUTABLE_FOLDER_PATH)/IoT-EstacionaTec";
			};
			name = Debug;
		};
		0982ADEC2CDA6B1E00B6E5C2 /* Release */ = {
			isa = XCBuildConfiguration;
			buildSettings = {
				BUNDLE_LOADER = "$(TEST_HOST)";
				CODE_SIGN_STYLE = Automatic;
				CURRENT_PROJECT_VERSION = 1;
				GENERATE_INFOPLIST_FILE = YES;
				IPHONEOS_DEPLOYMENT_TARGET = 18.0;
				MARKETING_VERSION = 1.0;
				PRODUCT_BUNDLE_IDENTIFIER = "jozefhdez.IoT-EstacionaTecTests";
				PRODUCT_NAME = "$(TARGET_NAME)";
				SWIFT_EMIT_LOC_STRINGS = NO;
				SWIFT_VERSION = 5.0;
				TARGETED_DEVICE_FAMILY = "1,2";
				TEST_HOST = "$(BUILT_PRODUCTS_DIR)/IoT-EstacionaTec.app/$(BUNDLE_EXECUTABLE_FOLDER_PATH)/IoT-EstacionaTec";
			};
			name = Release;
		};
		0982ADEE2CDA6B1E00B6E5C2 /* Debug */ = {
			isa = XCBuildConfiguration;
			buildSettings = {
				CODE_SIGN_STYLE = Automatic;
				CURRENT_PROJECT_VERSION = 1;
				GENERATE_INFOPLIST_FILE = YES;
				MARKETING_VERSION = 1.0;
				PRODUCT_BUNDLE_IDENTIFIER = "jozefhdez.IoT-EstacionaTecUITests";
				PRODUCT_NAME = "$(TARGET_NAME)";
				SWIFT_EMIT_LOC_STRINGS = NO;
				SWIFT_VERSION = 5.0;
				TARGETED_DEVICE_FAMILY = "1,2";
				TEST_TARGET_NAME = "IoT-EstacionaTec";
			};
			name = Debug;
		};
		0982ADEF2CDA6B1E00B6E5C2 /* Release */ = {
			isa = XCBuildConfiguration;
			buildSettings = {
				CODE_SIGN_STYLE = Automatic;
				CURRENT_PROJECT_VERSION = 1;
				GENERATE_INFOPLIST_FILE = YES;
				MARKETING_VERSION = 1.0;
				PRODUCT_BUNDLE_IDENTIFIER = "jozefhdez.IoT-EstacionaTecUITests";
				PRODUCT_NAME = "$(TARGET_NAME)";
				SWIFT_EMIT_LOC_STRINGS = NO;
				SWIFT_VERSION = 5.0;
				TARGETED_DEVICE_FAMILY = "1,2";
				TEST_TARGET_NAME = "IoT-EstacionaTec";
			};
			name = Release;
		};
/* End XCBuildConfiguration section */

/* Begin XCConfigurationList section */
		0982ADBE2CDA6B1C00B6E5C2 /* Build configuration list for PBXProject "IoT-EstacionaTec" */ = {
			isa = XCConfigurationList;
			buildConfigurations = (
				0982ADE52CDA6B1E00B6E5C2 /* Debug */,
				0982ADE62CDA6B1E00B6E5C2 /* Release */,
			);
			defaultConfigurationIsVisible = 0;
			defaultConfigurationName = Release;
		};
		0982ADE72CDA6B1E00B6E5C2 /* Build configuration list for PBXNativeTarget "IoT-EstacionaTec" */ = {
			isa = XCConfigurationList;
			buildConfigurations = (
				0982ADE82CDA6B1E00B6E5C2 /* Debug */,
				0982ADE92CDA6B1E00B6E5C2 /* Release */,
			);
			defaultConfigurationIsVisible = 0;
			defaultConfigurationName = Release;
		};
		0982ADEA2CDA6B1E00B6E5C2 /* Build configuration list for PBXNativeTarget "IoT-EstacionaTecTests" */ = {
			isa = XCConfigurationList;
			buildConfigurations = (
				0982ADEB2CDA6B1E00B6E5C2 /* Debug */,
				0982ADEC2CDA6B1E00B6E5C2 /* Release */,
			);
			defaultConfigurationIsVisible = 0;
			defaultConfigurationName = Release;
		};
		0982ADED2CDA6B1E00B6E5C2 /* Build configuration list for PBXNativeTarget "IoT-EstacionaTecUITests" */ = {
			isa = XCConfigurationList;
			buildConfigurations = (
				0982ADEE2CDA6B1E00B6E5C2 /* Debug */,
				0982ADEF2CDA6B1E00B6E5C2 /* Release */,
			);
			defaultConfigurationIsVisible = 0;
			defaultConfigurationName = Release;
		};
/* End XCConfigurationList section */

/* Begin XCRemoteSwiftPackageReference section */
		098DC2222CDAA6C600030C81 /* XCRemoteSwiftPackageReference "CodeScanner" */ = {
			isa = XCRemoteSwiftPackageReference;
			repositoryURL = "https://github.com/twostraws/CodeScanner";
			requirement = {
				kind = upToNextMajorVersion;
				minimumVersion = 2.5.1;
			};
		};
/* End XCRemoteSwiftPackageReference section */
	};
	rootObject = 0982ADBB2CDA6B1C00B6E5C2 /* Project object */;
}
